
Microsoft Visual Studio Solution File, Format Version 12.00
# Visual Studio 15
VisualStudioVersion = 15.0.28307.438
MinimumVisualStudioVersion = 10.0.40219.1
Project("{FAE04EC0-301F-11D3-BF4B-00C04F79EFBC}") = "UtilitiesMain", "UtilitiesMain\UtilitiesMain.csproj", "{BF01D0C3-49C9-4F05-863C-88962E7008B4}"
EndProject
Project("{2150E333-8FDC-42A3-9474-1A3956D46DE8}") = "Resources", "Resources", "{CF0A1787-4FFE-46A4-B389-B4B9068200C4}"
	ProjectSection(SolutionItems) = preProject
		Resources\InputFileA.txt = Resources\InputFileA.txt
		Resources\InputFileB.txt = Resources\InputFileB.txt
		Resources\InputFileC.txt = Resources\InputFileC.txt
		Resources\InputFileD.txt = Resources\InputFileD.txt
	EndProjectSection
EndProject
Project("{2150E333-8FDC-42A3-9474-1A3956D46DE8}") = "Solution Items", "Solution Items", "{154416E9-E0F6-4A72-AC0E-8372EC82E3F6}"
	ProjectSection(SolutionItems) = preProject
		.gitignore = .gitignore
	EndProjectSection
EndProject
Global
	GlobalSection(SolutionConfigurationPlatforms) = preSolution
		Debug|Any CPU = Debug|Any CPU
		Release|Any CPU = Release|Any CPU
	EndGlobalSection
	GlobalSection(ProjectConfigurationPlatforms) = postSolution
		{BF01D0C3-49C9-4F05-863C-88962E7008B4}.Debug|Any CPU.ActiveCfg = Debug|Any CPU
		{BF01D0C3-49C9-4F05-863C-88962E7008B4}.Debug|Any CPU.Build.0 = Debug|Any CPU
		{BF01D0C3-49C9-4F05-863C-88962E7008B4}.Release|Any CPU.ActiveCfg = Release|Any CPU
		{BF01D0C3-49C9-4F05-863C-88962E7008B4}.Release|Any CPU.Build.0 = Release|Any CPU
	EndGlobalSection
	GlobalSection(SolutionProperties) = preSolution
		HideSolutionNode = FALSE
	EndGlobalSection
	GlobalSection(ExtensibilityGlobals) = postSolution
		SolutionGuid = {5DC1AC31-CA97-405A-B73A-05E981907AE8}
	EndGlobalSection
EndGlobal
